
Microsoft Visual Studio Solution File, Format Version 12.00
# Visual Studio Version 16
VisualStudioVersion = 16.0.29613.14
MinimumVisualStudioVersion = 10.0.40219.1
Project("{2150E333-8FDC-42A3-9474-1A3956D46DE8}") = "DllProjectReferencingWalkthrough", "DllProjectReferencingWalkthrough", "{171271AD-F9F8-45B5-88B6-0A423ED7D15F}"
EndProject
Project("{8BC9CEB8-8B4A-11D0-8D11-00A0C91BC942}") = "MathLibrary", "MathLibrary\MathLibrary.vcxproj", "{2EA16831-7BC1-4D69-AA8D-6AF331AC8A60}"
EndProject
Project("{8BC9CEB8-8B4A-11D0-8D11-00A0C91BC942}") = "MathClient", "MathClient\MathClient.vcxproj", "{8BBB76F3-1403-4840-8808-D3D5AE1E31F5}"
EndProject
Project("{8BC9CEB8-8B4A-11D0-8D11-00A0C91BC942}") = "PixelEngine", "PixelEngine\PixelEngine.vcxproj", "{FE0668FE-B93C-4D90-9B57-B30E9CF1936A}"
EndProject
Project("{8BC9CEB8-8B4A-11D0-8D11-00A0C91BC942}") = "Fundamentals.ExampleA1.Tests", "Fundamentals.ExampleA1.Tests\Fundamentals.ExampleA1.Tests.vcxproj", "{96E0B632-2255-40B5-A18C-0E7C65CB5363}"
EndProject
Global
	GlobalSection(SolutionConfigurationPlatforms) = preSolution
		Debug|x64 = Debug|x64
		Debug|x86 = Debug|x86
		Release|x64 = Release|x64
		Release|x86 = Release|x86
	EndGlobalSection
	GlobalSection(ProjectConfigurationPlatforms) = postSolution
		{2EA16831-7BC1-4D69-AA8D-6AF331AC8A60}.Debug|x64.ActiveCfg = Debug|x64
		{2EA16831-7BC1-4D69-AA8D-6AF331AC8A60}.Debug|x64.Build.0 = Debug|x64
		{2EA16831-7BC1-4D69-AA8D-6AF331AC8A60}.Debug|x86.ActiveCfg = Debug|Win32
		{2EA16831-7BC1-4D69-AA8D-6AF331AC8A60}.Debug|x86.Build.0 = Debug|Win32
		{2EA16831-7BC1-4D69-AA8D-6AF331AC8A60}.Release|x64.ActiveCfg = Debug|x64
		{2EA16831-7BC1-4D69-AA8D-6AF331AC8A60}.Release|x64.Build.0 = Debug|x64
		{2EA16831-7BC1-4D69-AA8D-6AF331AC8A60}.Release|x86.ActiveCfg = Release|Win32
		{2EA16831-7BC1-4D69-AA8D-6AF331AC8A60}.Release|x86.Build.0 = Release|Win32
		{8BBB76F3-1403-4840-8808-D3D5AE1E31F5}.Debug|x64.ActiveCfg = Debug|x64
		{8BBB76F3-1403-4840-8808-D3D5AE1E31F5}.Debug|x64.Build.0 = Debug|x64
		{8BBB76F3-1403-4840-8808-D3D5AE1E31F5}.Debug|x86.ActiveCfg = Debug|Win32
		{8BBB76F3-1403-4840-8808-D3D5AE1E31F5}.Debug|x86.Build.0 = Debug|Win32
		{8BBB76F3-1403-4840-8808-D3D5AE1E31F5}.Release|x64.ActiveCfg = Debug|x64
		{8BBB76F3-1403-4840-8808-D3D5AE1E31F5}.Release|x64.Build.0 = Debug|x64
		{8BBB76F3-1403-4840-8808-D3D5AE1E31F5}.Release|x86.ActiveCfg = Release|Win32
		{8BBB76F3-1403-4840-8808-D3D5AE1E31F5}.Release|x86.Build.0 = Release|Win32
		{FE0668FE-B93C-4D90-9B57-B30E9CF1936A}.Debug|x64.ActiveCfg = Debug|x64
		{FE0668FE-B93C-4D90-9B57-B30E9CF1936A}.Debug|x64.Build.0 = Debug|x64
		{FE0668FE-B93C-4D90-9B57-B30E9CF1936A}.Debug|x86.ActiveCfg = Debug|Win32
		{FE0668FE-B93C-4D90-9B57-B30E9CF1936A}.Debug|x86.Build.0 = Debug|Win32
		{FE0668FE-B93C-4D90-9B57-B30E9CF1936A}.Release|x64.ActiveCfg = Release|x64
		{FE0668FE-B93C-4D90-9B57-B30E9CF1936A}.Release|x64.Build.0 = Release|x64
		{FE0668FE-B93C-4D90-9B57-B30E9CF1936A}.Release|x86.ActiveCfg = Release|Win32
		{FE0668FE-B93C-4D90-9B57-B30E9CF1936A}.Release|x86.Build.0 = Release|Win32
		{96E0B632-2255-40B5-A18C-0E7C65CB5363}.Debug|x64.ActiveCfg = Debug|x64
		{96E0B632-2255-40B5-A18C-0E7C65CB5363}.Debug|x64.Build.0 = Debug|x64
		{96E0B632-2255-40B5-A18C-0E7C65CB5363}.Debug|x86.ActiveCfg = Debug|Win32
		{96E0B632-2255-40B5-A18C-0E7C65CB5363}.Debug|x86.Build.0 = Debug|Win32
		{96E0B632-2255-40B5-A18C-0E7C65CB5363}.Release|x64.ActiveCfg = Release|x64
		{96E0B632-2255-40B5-A18C-0E7C65CB5363}.Release|x64.Build.0 = Release|x64
		{96E0B632-2255-40B5-A18C-0E7C65CB5363}.Release|x86.ActiveCfg = Release|Win32
		{96E0B632-2255-40B5-A18C-0E7C65CB5363}.Release|x86.Build.0 = Release|Win32
	EndGlobalSection
	GlobalSection(SolutionProperties) = preSolution
		HideSolutionNode = FALSE
	EndGlobalSection
	GlobalSection(NestedProjects) = preSolution
		{2EA16831-7BC1-4D69-AA8D-6AF331AC8A60} = {171271AD-F9F8-45B5-88B6-0A423ED7D15F}
		{8BBB76F3-1403-4840-8808-D3D5AE1E31F5} = {171271AD-F9F8-45B5-88B6-0A423ED7D15F}
	EndGlobalSection
	GlobalSection(ExtensibilityGlobals) = postSolution
		SolutionGuid = {96CACF69-36B0-4EB8-B2BC-A3D1D2A44C92}
	EndGlobalSection
EndGlobal
